Microsoft Visual Studio Solution File, Format Version 12.00
# Visual Studio Version 17
VisualStudioVersion = 17.5.2.0
MinimumVisualStudioVersion = 10.0.40219.1
Project("{2150E333-8FDC-42A3-9474-1A3956D46DE8}") = "tools", "tools", "{07C2787E-EAC7-C090-1BA3-A61EC2A24D84}"
EndProject
Project("{FAE04EC0-301F-11D3-BF4B-00C04F79EFBC}") = "ai3d_test", "tools\ai3d_test\ai3d_test.csproj", "{8A1144B9-7C82-EE5B-52B1-948BC0F363C5}"
EndProject
Global
	GlobalSection(SolutionConfigurationPlatforms) = preSolution
		Debug|Any CPU = Debug|Any CPU
		Release|Any CPU = Release|Any CPU
	EndGlobalSection
	GlobalSection(ProjectConfigurationPlatforms) = postSolution
		{8A1144B9-7C82-EE5B-52B1-948BC0F363C5}.Debug|Any CPU.ActiveCfg = Debug|Any CPU
		{8A1144B9-7C82-EE5B-52B1-948BC0F363C5}.Debug|Any CPU.Build.0 = Debug|Any CPU
		{8A1144B9-7C82-EE5B-52B1-948BC0F363C5}.Release|Any CPU.ActiveCfg = Release|Any CPU
		{8A1144B9-7C82-EE5B-52B1-948BC0F363C5}.Release|Any CPU.Build.0 = Release|Any CPU
	EndGlobalSection
	GlobalSection(SolutionProperties) = preSolution
		HideSolutionNode = FALSE
	EndGlobalSection
	GlobalSection(NestedProjects) = preSolution
		{8A1144B9-7C82-EE5B-52B1-948BC0F363C5} = {07C2787E-EAC7-C090-1BA3-A61EC2A24D84}
	EndGlobalSection
	GlobalSection(ExtensibilityGlobals) = postSolution
		SolutionGuid = {F8BC3208-4143-4D0B-9E4A-3D9F8BFFE6FE}
	EndGlobalSection
EndGlobal
